
Microsoft Visual Studio Solution File, Format Version 12.00
# Visual Studio Version 17
VisualStudioVersion = 17.9.34701.34
MinimumVisualStudioVersion = 10.0.40219.1
Project("{9A19103F-16F7-4668-BE54-9A1E7A4F7556}") = "After.Domain", "After.Domain\After.Domain.csproj", "{DD2C7A4F-52FB-4BF2-AC00-B84AA4A49058}"
EndProject
Project("{9A19103F-16F7-4668-BE54-9A1E7A4F7556}") = "After.Application", "After.Application\After.Application.csproj", "{749106CA-5F21-4A9B-A305-9CB910218669}"
EndProject
Project("{9A19103F-16F7-4668-BE54-9A1E7A4F7556}") = "After.Infrastructure", "After.Infrastructure\After.Infrastructure.csproj", "{6243CC60-F69C-4900-ADAC-3568738D3DED}"
EndProject
Project("{9A19103F-16F7-4668-BE54-9A1E7A4F7556}") = "After.Presentation", "After.Presentation\After.Presentation.csproj", "{170D176E-02EA-417F-A5B5-B284A7DE2B4B}"
EndProject
Global
	GlobalSection(SolutionConfigurationPlatforms) = preSolution
		Debug|Any CPU = Debug|Any CPU
		Release|Any CPU = Release|Any CPU
	EndGlobalSection
	GlobalSection(ProjectConfigurationPlatforms) = postSolution
		{DD2C7A4F-52FB-4BF2-AC00-B84AA4A49058}.Debug|Any CPU.ActiveCfg = Debug|Any CPU
		{DD2C7A4F-52FB-4BF2-AC00-B84AA4A49058}.Debug|Any CPU.Build.0 = Debug|Any CPU
		{DD2C7A4F-52FB-4BF2-AC00-B84AA4A49058}.Release|Any CPU.ActiveCfg = Release|Any CPU
		{DD2C7A4F-52FB-4BF2-AC00-B84AA4A49058}.Release|Any CPU.Build.0 = Release|Any CPU
		{749106CA-5F21-4A9B-A305-9CB910218669}.Debug|Any CPU.ActiveCfg = Debug|Any CPU
		{749106CA-5F21-4A9B-A305-9CB910218669}.Debug|Any CPU.Build.0 = Debug|Any CPU
		{749106CA-5F21-4A9B-A305-9CB910218669}.Release|Any CPU.ActiveCfg = Release|Any CPU
		{749106CA-5F21-4A9B-A305-9CB910218669}.Release|Any CPU.Build.0 = Release|Any CPU
		{6243CC60-F69C-4900-ADAC-3568738D3DED}.Debug|Any CPU.ActiveCfg = Debug|Any CPU
		{6243CC60-F69C-4900-ADAC-3568738D3DED}.Debug|Any CPU.Build.0 = Debug|Any CPU
		{6243CC60-F69C-4900-ADAC-3568738D3DED}.Release|Any CPU.ActiveCfg = Release|Any CPU
		{6243CC60-F69C-4900-ADAC-3568738D3DED}.Release|Any CPU.Build.0 = Release|Any CPU
		{170D176E-02EA-417F-A5B5-B284A7DE2B4B}.Debug|Any CPU.ActiveCfg = Debug|Any CPU
		{170D176E-02EA-417F-A5B5-B284A7DE2B4B}.Debug|Any CPU.Build.0 = Debug|Any CPU
		{170D176E-02EA-417F-A5B5-B284A7DE2B4B}.Release|Any CPU.ActiveCfg = Release|Any CPU
		{170D176E-02EA-417F-A5B5-B284A7DE2B4B}.Release|Any CPU.Build.0 = Release|Any CPU
	EndGlobalSection
	GlobalSection(SolutionProperties) = preSolution
		HideSolutionNode = FALSE
	EndGlobalSection
	GlobalSection(ExtensibilityGlobals) = postSolution
		SolutionGuid = {837A0860-82A9-4ED0-8A7D-95C8E0140594}
	EndGlobalSection
EndGlobal
